{
  "object": {
    "pins": [
      {
        "package": "FileReader",
        "repositoryURL": "/Users/jaap/code/swift-packages/FileReader",
        "state": {
          "branch": "master",
          "revision": "30bad6dfa03ece6e2a0b49fb6a052fc977e9e97d",
          "version": null
        }
      }
    ]
  },
  "version": 1
}
